// !$*UTF8*$!
{
	archiveVersion = 1;
	classes = {
	};
	objectVersion = 77;
	objects = {

/* Begin PBXContainerItemProxy section */
		AA97AB292D9881F0009E4ABF /* PBXContainerItemProxy */ = {
			isa = PBXContainerItemProxy;
			containerPortal = AA97AB092D9881EF009E4ABF /* Project object */;
			proxyType = 1;
			remoteGlobalIDString = AA97AB102D9881EF009E4ABF;
			remoteInfo = Habital;
		};
		AA97AB332D9881F0009E4ABF /* PBXContainerItemProxy */ = {
			isa = PBXContainerItemProxy;
			containerPortal = AA97AB092D9881EF009E4ABF /* Project object */;
			proxyType = 1;
			remoteGlobalIDString = AA97AB102D9881EF009E4ABF;
			remoteInfo = Habital;
		};
/* End PBXContainerItemProxy section */

/* Begin PBXFileReference section */
		AA97AB112D9881EF009E4ABF /* Habital.app */ = {isa = PBXFileReference; explicitFileType = wrapper.application; includeInIndex = 0; path = Habital.app; sourceTree = BUILT_PRODUCTS_DIR; };
		AA97AB282D9881F0009E4ABF /* HabitalTests.xctest */ = {isa = PBXFileReference; explicitFileType = wrapper.cfbundle; includeInIndex = 0; path = HabitalTests.xctest; sourceTree = BUILT_PRODUCTS_DIR; };
		AA97AB322D9881F0009E4ABF /* HabitalUITests.xctest */ = {isa = PBXFileReference; explicitFileType = wrapper.cfbundle; includeInIndex = 0; path = HabitalUITests.xctest; sourceTree = BUILT_PRODUCTS_DIR; };
/* End PBXFileReference section */

/* Begin PBXFileSystemSynchronizedBuildFileExceptionSet section */
		AA97AB3A2D9881F0009E4ABF /* Exceptions for "Habital" folder in "Habital" target */ = {
			isa = PBXFileSystemSynchronizedBuildFileExceptionSet;
			membershipExceptions = (
				Info.plist,
			);
			target = AA97AB102D9881EF009E4ABF /* Habital */;
		};
/* End PBXFileSystemSynchronizedBuildFileExceptionSet section */

/* Begin PBXFileSystemSynchronizedRootGroup section */
		AA97AB132D9881EF009E4ABF /* Habital */ = {
			isa = PBXFileSystemSynchronizedRootGroup;
			exceptions = (
				AA97AB3A2D9881F0009E4ABF /* Exceptions for "Habital" folder in "Habital" target */,
			);
			path = Habital;
			sourceTree = "<group>";
		};
		AA97AB2B2D9881F0009E4ABF /* HabitalTests */ = {
			isa = PBXFileSystemSynchronizedRootGroup;
			path = HabitalTests;
			sourceTree = "<group>";
		};
		AA97AB352D9881F0009E4ABF /* HabitalUITests */ = {
			isa = PBXFileSystemSynchronizedRootGroup;
			path = HabitalUITests;
			sourceTree = "<group>";
		};
/* End PBXFileSystemSynchronizedRootGroup section */

/* Begin PBXFrameworksBuildPhase section */
		AA97AB0E2D9881EF009E4ABF /* Frameworks */ = {
			isa = PBXFrameworksBuildPhase;
			buildActionMask = 2147483647;
			files = (
			);
			runOnlyForDeploymentPostprocessing = 0;
		};
		AA97AB252D9881F0009E4ABF /* Frameworks */ = {
			isa = PBXFrameworksBuildPhase;
			buildActionMask = 2147483647;
			files = (
			);
			runOnlyForDeploymentPostprocessing = 0;
		};
		AA97AB2F2D9881F0009E4ABF /* Frameworks */ = {
			isa = PBXFrameworksBuildPhase;
			buildActionMask = 2147483647;
			files = (
			);
			runOnlyForDeploymentPostprocessing = 0;
		};
/* End PBXFrameworksBuildPhase section */

/* Begin PBXGroup section */
		AA177A772DC549F1003F4ABB /* Frameworks */ = {
			isa = PBXGroup;
			children = (
			);
			name = Frameworks;
			sourceTree = "<group>";
		};
		AA97AB082D9881EF009E4ABF = {
			isa = PBXGroup;
			children = (
				AA97AB132D9881EF009E4ABF /* Habital */,
				AA97AB2B2D9881F0009E4ABF /* HabitalTests */,
				AA97AB352D9881F0009E4ABF /* HabitalUITests */,
				AA177A772DC549F1003F4ABB /* Frameworks */,
				AA97AB122D9881EF009E4ABF /* Products */,
			);
			sourceTree = "<group>";
		};
		AA97AB122D9881EF009E4ABF /* Products */ = {
			isa = PBXGroup;
			children = (
				AA97AB112D9881EF009E4ABF /* Habital.app */,
				AA97AB282D9881F0009E4ABF /* HabitalTests.xctest */,
				AA97AB322D9881F0009E4ABF /* HabitalUITests.xctest */,
			);
			name = Products;
			sourceTree = "<group>";
		};
/* End PBXGroup section */

/* Begin PBXNativeTarget section */
		AA97AB102D9881EF009E4ABF /* Habital */ = {
			isa = PBXNativeTarget;
			buildConfigurationList = AA97AB3B2D9881F0009E4ABF /* Build configuration list for PBXNativeTarget "Habital" */;
			buildPhases = (
				AA97AB0D2D9881EF009E4ABF /* Sources */,
				AA97AB0E2D9881EF009E4ABF /* Frameworks */,
				AA97AB0F2D9881EF009E4ABF /* Resources */,
			);
			buildRules = (
			);
			dependencies = (
			);
			fileSystemSynchronizedGroups = (
				AA97AB132D9881EF009E4ABF /* Habital */,
			);
			name = Habital;
			packageProductDependencies = (
			);
			productName = Habital;
			productReference = AA97AB112D9881EF009E4ABF /* Habital.app */;
			productType = "com.apple.product-type.application";
		};
		AA97AB272D9881F0009E4ABF /* HabitalTests */ = {
			isa = PBXNativeTarget;
			buildConfigurationList = AA97AB402D9881F0009E4ABF /* Build configuration list for PBXNativeTarget "HabitalTests" */;
			buildPhases = (
				AA97AB242D9881F0009E4ABF /* Sources */,
				AA97AB252D9881F0009E4ABF /* Frameworks */,
				AA97AB262D9881F0009E4ABF /* Resources */,
			);
			buildRules = (
			);
			dependencies = (
				AA97AB2A2D9881F0009E4ABF /* PBXTargetDependency */,
			);
			fileSystemSynchronizedGroups = (
				AA97AB2B2D9881F0009E4ABF /* HabitalTests */,
			);
			name = HabitalTests;
			packageProductDependencies = (
			);
			productName = HabitalTests;
			productReference = AA97AB282D9881F0009E4ABF /* HabitalTests.xctest */;
			productType = "com.apple.product-type.bundle.unit-test";
		};
		AA97AB312D9881F0009E4ABF /* HabitalUITests */ = {
			isa = PBXNativeTarget;
			buildConfigurationList = AA97AB432D9881F0009E4ABF /* Build configuration list for PBXNativeTarget "HabitalUITests" */;
			buildPhases = (
				AA97AB2E2D9881F0009E4ABF /* Sources */,
				AA97AB2F2D9881F0009E4ABF /* Frameworks */,
				AA97AB302D9881F0009E4ABF /* Resources */,
			);
			buildRules = (
			);
			dependencies = (
				AA97AB342D9881F0009E4ABF /* PBXTargetDependency */,
			);
			fileSystemSynchronizedGroups = (
				AA97AB352D9881F0009E4ABF /* HabitalUITests */,
			);
			name = HabitalUITests;
			packageProductDependencies = (
			);
			productName = HabitalUITests;
			productReference = AA97AB322D9881F0009E4ABF /* HabitalUITests.xctest */;
			productType = "com.apple.product-type.bundle.ui-testing";
		};
/* End PBXNativeTarget section */

/* Begin PBXProject section */
		AA97AB092D9881EF009E4ABF /* Project object */ = {
			isa = PBXProject;
			attributes = {
				BuildIndependentTargetsInParallel = 1;
				LastSwiftUpdateCheck = 1620;
				LastUpgradeCheck = 1620;
				TargetAttributes = {
					AA97AB102D9881EF009E4ABF = {
						CreatedOnToolsVersion = 16.2;
					};
					AA97AB272D9881F0009E4ABF = {
						CreatedOnToolsVersion = 16.2;
						TestTargetID = AA97AB102D9881EF009E4ABF;
					};
					AA97AB312D9881F0009E4ABF = {
						CreatedOnToolsVersion = 16.2;
						TestTargetID = AA97AB102D9881EF009E4ABF;
					};
				};
			};
			buildConfigurationList = AA97AB0C2D9881EF009E4ABF /* Build configuration list for PBXProject "Habital" */;
			developmentRegion = en;
			hasScannedForEncodings = 0;
			knownRegions = (
				en,
				Base,
			);
			mainGroup = AA97AB082D9881EF009E4ABF;
			minimizedProjectReferenceProxies = 1;
			packageReferences = (
			);
			preferredProjectObjectVersion = 77;
			productRefGroup = AA97AB122D9881EF009E4ABF /* Products */;
			projectDirPath = "";
			projectRoot = "";
			targets = (
				AA97AB102D9881EF009E4ABF /* Habital */,
				AA97AB272D9881F0009E4ABF /* HabitalTests */,
				AA97AB312D9881F0009E4ABF /* HabitalUITests */,
			);
		};
/* End PBXProject section */

/* Begin PBXResourcesBuildPhase section */
		AA97AB0F2D9881EF009E4ABF /* Resources */ = {
			isa = PBXResourcesBuildPhase;
			buildActionMask = 2147483647;
			files = (
			);
			runOnlyForDeploymentPostprocessing = 0;
		};
		AA97AB262D9881F0009E4ABF /* Resources */ = {
			isa = PBXResourcesBuildPhase;
			buildActionMask = 2147483647;
			files = (
			);
			runOnlyForDeploymentPostprocessing = 0;
		};
		AA97AB302D9881F0009E4ABF /* Resources */ = {
			isa = PBXResourcesBuildPhase;
			buildActionMask = 2147483647;
			files = (
			);
			runOnlyForDeploymentPostprocessing = 0;
		};
/* End PBXResourcesBuildPhase section */

/* Begin PBXSourcesBuildPhase section */
		AA97AB0D2D9881EF009E4ABF /* Sources */ = {
			isa = PBXSourcesBuildPhase;
			buildActionMask = 2147483647;
			files = (
			);
			runOnlyForDeploymentPostprocessing = 0;
		};
		AA97AB242D9881F0009E4ABF /* Sources */ = {
			isa = PBXSourcesBuildPhase;
			buildActionMask = 2147483647;
			files = (
			);
			runOnlyForDeploymentPostprocessing = 0;
		};
		AA97AB2E2D9881F0009E4ABF /* Sources */ = {
			isa = PBXSourcesBuildPhase;
			buildActionMask = 2147483647;
			files = (
			);
			runOnlyForDeploymentPostprocessing = 0;
		};
/* End PBXSourcesBuildPhase section */

/* Begin PBXTargetDependency section */
		AA97AB2A2D9881F0009E4ABF /* PBXTargetDependency */ = {
			isa = PBXTargetDependency;
			target = AA97AB102D9881EF009E4ABF /* Habital */;
			targetProxy = AA97AB292D9881F0009E4ABF /* PBXContainerItemProxy */;
		};
		AA97AB342D9881F0009E4ABF /* PBXTargetDependency */ = {
			isa = PBXTargetDependency;
			target = AA97AB102D9881EF009E4ABF /* Habital */;
			targetProxy = AA97AB332D9881F0009E4ABF /* PBXContainerItemProxy */;
		};
/* End PBXTargetDependency section */

/* Begin XCBuildConfiguration section */
		AA97AB3C2D9881F0009E4ABF /* Debug */ = {
			isa = XCBuildConfiguration;
			buildSettings = {
				ASSETCATALOG_COMPILER_APPICON_NAME = AppIcon;
				ASSETCATALOG_COMPILER_GLOBAL_ACCENT_COLOR_NAME = AccentColor;
				ASSETCATALOG_COMPILER_INCLUDE_ALL_APPICON_ASSETS = NO;
				CODE_SIGN_ENTITLEMENTS = Habital/Habital.entitlements;
				CODE_SIGN_STYLE = Automatic;
				CURRENT_PROJECT_VERSION = 1;
				DEVELOPMENT_ASSET_PATHS = "\"Habital/Preview Content\"";
				DEVELOPMENT_TEAM = 9BVLGXA39Y;
				ENABLE_PREVIEWS = YES;
				GENERATE_INFOPLIST_FILE = YES;
				INFOPLIST_FILE = Habital/Info.plist;
				INFOPLIST_KEY_UIApplicationSceneManifest_Generation = YES;
				INFOPLIST_KEY_UIApplicationSupportsIndirectInputEvents = YES;
				INFOPLIST_KEY_UILaunchScreen_Generation = YES;
				INFOPLIST_KEY_UIStatusBarHidden = YES;
				INFOPLIST_KEY_UISupportedInterfaceOrientations = UIInterfaceOrientationPortrait;
				INFOPLIST_KEY_UISupportedInterfaceOrientations_iPad = "UIInterfaceOrientationLandscapeLeft UIInterfaceOrientationLandscapeRight UIInterfaceOrientationPortrait UIInterfaceOrientationPortraitUpsideDown";
				LD_RUNPATH_SEARCH_PATHS = (
					"$(inherited)",
					"@executable_path/Frameworks",
				);
				MARKETING_VERSION = 1.0;
				PRODUCT_BUNDLE_IDENTIFIER = Elias.Habital;
				PRODUCT_NAME = "$(TARGET_NAME)";
				SWIFT_EMIT_LOC_STRINGS = YES;
				SWIFT_VERSION = 5.0;
				TARGETED_DEVICE_FAMILY = "1,2";
			};
			name = Debug;
		};
		AA97AB3D2D9881F0009E4ABF /* Release */ = {
			isa = XCBuildConfiguration;
			buildSettings = {
				ASSETCATALOG_COMPILER_APPICON_NAME = AppIcon;
				ASSETCATALOG_COMPILER_GLOBAL_ACCENT_COLOR_NAME = AccentColor;
				ASSETCATALOG_COMPILER_INCLUDE_ALL_APPICON_ASSETS = NO;
				CODE_SIGN_ENTITLEMENTS = Habital/Habital.entitlements;
				CODE_SIGN_STYLE = Automatic;
				CURRENT_PROJECT_VERSION = 1;
				DEVELOPMENT_ASSET_PATHS = "\"Habital/Preview Content\"";
				DEVELOPMENT_TEAM = 9BVLGXA39Y;
				ENABLE_PREVIEWS = YES;
				GENERATE_INFOPLIST_FILE = YES;
				INFOPLIST_FILE = Habital/Info.plist;
				INFOPLIST_KEY_UIApplicationSceneManifest_Generation = YES;
				INFOPLIST_KEY_UIApplicationSupportsIndirectInputEvents = YES;
				INFOPLIST_KEY_UILaunchScreen_Generation = YES;
				INFOPLIST_KEY_UIStatusBarHidden = YES;
				INFOPLIST_KEY_UISupportedInterfaceOrientations = UIInterfaceOrientationPortrait;
				INFOPLIST_KEY_UISupportedInterfaceOrientations_iPad = "UIInterfaceOrientationLandscapeLeft UIInterfaceOrientationLandscapeRight UIInterfaceOrientationPortrait UIInterfaceOrientationPortraitUpsideDown";
				LD_RUNPATH_SEARCH_PATHS = (
					"$(inherited)",
					"@executable_path/Frameworks",
				);
				MARKETING_VERSION = 1.0;
				PRODUCT_BUNDLE_IDENTIFIER = Elias.Habital;
				PRODUCT_NAME = "$(TARGET_NAME)";
				SWIFT_EMIT_LOC_STRINGS = YES;
				SWIFT_VERSION = 5.0;
				TARGETED_DEVICE_FAMILY = "1,2";
			};
			name = Release;
		};
		AA97AB3E2D9881F0009E4ABF /* Debug */ = {
			isa = XCBuildConfiguration;
			buildSettings = {
				ALWAYS_SEARCH_USER_PATHS = NO;
				ASSETCATALOG_COMPILER_GENERATE_SWIFT_ASSET_SYMBOL_EXTENSIONS = YES;
				CLANG_ANALYZER_NONNULL = YES;
				CLANG_ANALYZER_NUMBER_OBJECT_CONVERSION = YES_AGGRESSIVE;
				CLANG_CXX_LANGUAGE_STANDARD = "gnu++20";
				CLANG_ENABLE_MODULES = YES;
				CLANG_ENABLE_OBJC_ARC = YES;
				CLANG_ENABLE_OBJC_WEAK = YES;
				CLANG_WARN_BLOCK_CAPTURE_AUTORELEASING = YES;
				CLANG_WARN_BOOL_CONVERSION = YES;
				CLANG_WARN_COMMA = YES;
				CLANG_WARN_CONSTANT_CONVERSION = YES;
				CLANG_WARN_DEPRECATED_OBJC_IMPLEMENTATIONS = YES;
				CLANG_WARN_DIRECT_OBJC_ISA_USAGE = YES_ERROR;
				CLANG_WARN_DOCUMENTATION_COMMENTS = YES;
				CLANG_WARN_EMPTY_BODY = YES;
				CLANG_WARN_ENUM_CONVERSION = YES;
				CLANG_WARN_INFINITE_RECURSION = YES;
				CLANG_WARN_INT_CONVERSION = YES;
				CLANG_WARN_NON_LITERAL_NULL_CONVERSION = YES;
				CLANG_WARN_OBJC_IMPLICIT_RETAIN_SELF = YES;
				CLANG_WARN_OBJC_LITERAL_CONVERSION = YES;
				CLANG_WARN_OBJC_ROOT_CLASS = YES_ERROR;
				CLANG_WARN_QUOTED_INCLUDE_IN_FRAMEWORK_HEADER = YES;
				CLANG_WARN_RANGE_LOOP_ANALYSIS = YES;
				CLANG_WARN_STRICT_PROTOTYPES = YES;
				CLANG_WARN_SUSPICIOUS_MOVE = YES;
				CLANG_WARN_UNGUARDED_AVAILABILITY = YES_AGGRESSIVE;
				CLANG_WARN_UNREACHABLE_CODE = YES;
				CLANG_WARN__DUPLICATE_METHOD_MATCH = YES;
				COPY_PHASE_STRIP = NO;
				DEBUG_INFORMATION_FORMAT = dwarf;
				ENABLE_STRICT_OBJC_MSGSEND = YES;
				ENABLE_TESTABILITY = YES;
				ENABLE_USER_SCRIPT_SANDBOXING = YES;
				GCC_C_LANGUAGE_STANDARD = gnu17;
				GCC_DYNAMIC_NO_PIC = NO;
				GCC_NO_COMMON_BLOCKS = YES;
				GCC_OPTIMIZATION_LEVEL = 0;
				GCC_PREPROCESSOR_DEFINITIONS = (
					"DEBUG=1",
					"$(inherited)",
				);
				GCC_WARN_64_TO_32_BIT_CONVERSION = YES;
				GCC_WARN_ABOUT_RETURN_TYPE = YES_ERROR;
				GCC_WARN_UNDECLARED_SELECTOR = YES;
				GCC_WARN_UNINITIALIZED_AUTOS = YES_AGGRESSIVE;
				GCC_WARN_UNUSED_FUNCTION = YES;
				GCC_WARN_UNUSED_VARIABLE = YES;
				IPHONEOS_DEPLOYMENT_TARGET = 18.2;
				LOCALIZATION_PREFERS_STRING_CATALOGS = YES;
				MTL_ENABLE_DEBUG_INFO = INCLUDE_SOURCE;
				MTL_FAST_MATH = YES;
				ONLY_ACTIVE_ARCH = YES;
				SDKROOT = iphoneos;
				SWIFT_ACTIVE_COMPILATION_CONDITIONS = "DEBUG $(inherited)";
				SWIFT_OPTIMIZATION_LEVEL = "-Onone";
			};
			name = Debug;
		};
		AA97AB3F2D9881F0009E4ABF /* Release */ = {
			isa = XCBuildConfiguration;
			buildSettings = {
				ALWAYS_SEARCH_USER_PATHS = NO;
				ASSETCATALOG_COMPILER_GENERATE_SWIFT_ASSET_SYMBOL_EXTENSIONS = YES;
				CLANG_ANALYZER_NONNULL = YES;
				CLANG_ANALYZER_NUMBER_OBJECT_CONVERSION = YES_AGGRESSIVE;
				CLANG_CXX_LANGUAGE_STANDARD = "gnu++20";
				CLANG_ENABLE_MODULES = YES;
				CLANG_ENABLE_OBJC_ARC = YES;
				CLANG_ENABLE_OBJC_WEAK = YES;
				CLANG_WARN_BLOCK_CAPTURE_AUTORELEASING = YES;
				CLANG_WARN_BOOL_CONVERSION = YES;
				CLANG_WARN_COMMA = YES;
				CLANG_WARN_CONSTANT_CONVERSION = YES;
				CLANG_WARN_DEPRECATED_OBJC_IMPLEMENTATIONS = YES;
				CLANG_WARN_DIRECT_OBJC_ISA_USAGE = YES_ERROR;
				CLANG_WARN_DOCUMENTATION_COMMENTS = YES;
				CLANG_WARN_EMPTY_BODY = YES;
				CLANG_WARN_ENUM_CONVERSION = YES;
				CLANG_WARN_INFINITE_RECURSION = YES;
				CLANG_WARN_INT_CONVERSION = YES;
				CLANG_WARN_NON_LITERAL_NULL_CONVERSION = YES;
				CLANG_WARN_OBJC_IMPLICIT_RETAIN_SELF = YES;
				CLANG_WARN_OBJC_LITERAL_CONVERSION = YES;
				CLANG_WARN_OBJC_ROOT_CLASS = YES_ERROR;
				CLANG_WARN_QUOTED_INCLUDE_IN_FRAMEWORK_HEADER = YES;
				CLANG_WARN_RANGE_LOOP_ANALYSIS = YES;
				CLANG_WARN_STRICT_PROTOTYPES = YES;
				CLANG_WARN_SUSPICIOUS_MOVE = YES;
				CLANG_WARN_UNGUARDED_AVAILABILITY = YES_AGGRESSIVE;
				CLANG_WARN_UNREACHABLE_CODE = YES;
				CLANG_WARN__DUPLICATE_METHOD_MATCH = YES;
				COPY_PHASE_STRIP = NO;
				DEBUG_INFORMATION_FORMAT = "dwarf-with-dsym";
				ENABLE_NS_ASSERTIONS = NO;
				ENABLE_STRICT_OBJC_MSGSEND = YES;
				ENABLE_USER_SCRIPT_SANDBOXING = YES;
				GCC_C_LANGUAGE_STANDARD = gnu17;
				GCC_NO_COMMON_BLOCKS = YES;
				GCC_WARN_64_TO_32_BIT_CONVERSION = YES;
				GCC_WARN_ABOUT_RETURN_TYPE = YES_ERROR;
				GCC_WARN_UNDECLARED_SELECTOR = YES;
				GCC_WARN_UNINITIALIZED_AUTOS = YES_AGGRESSIVE;
				GCC_WARN_UNUSED_FUNCTION = YES;
				GCC_WARN_UNUSED_VARIABLE = YES;
				IPHONEOS_DEPLOYMENT_TARGET = 18.2;
				LOCALIZATION_PREFERS_STRING_CATALOGS = YES;
				MTL_ENABLE_DEBUG_INFO = NO;
				MTL_FAST_MATH = YES;
				SDKROOT = iphoneos;
				SWIFT_COMPILATION_MODE = wholemodule;
				VALIDATE_PRODUCT = YES;
			};
			name = Release;
		};
		AA97AB412D9881F0009E4ABF /* Debug */ = {
			isa = XCBuildConfiguration;
			buildSettings = {
				BUNDLE_LOADER = "$(TEST_HOST)";
				CODE_SIGN_STYLE = Automatic;
				CURRENT_PROJECT_VERSION = 1;
				DEVELOPMENT_TEAM = 9BVLGXA39Y;
				GENERATE_INFOPLIST_FILE = YES;
				IPHONEOS_DEPLOYMENT_TARGET = 18.2;
				MARKETING_VERSION = 1.0;
				PRODUCT_BUNDLE_IDENTIFIER = Elias.HabitalTests;
				PRODUCT_NAME = "$(TARGET_NAME)";
				SWIFT_EMIT_LOC_STRINGS = NO;
				SWIFT_VERSION = 5.0;
				TARGETED_DEVICE_FAMILY = "1,2";
				TEST_HOST = "$(BUILT_PRODUCTS_DIR)/Habital.app/$(BUNDLE_EXECUTABLE_FOLDER_PATH)/Habital";
			};
			name = Debug;
		};
		AA97AB422D9881F0009E4ABF /* Release */ = {
			isa = XCBuildConfiguration;
			buildSettings = {
				BUNDLE_LOADER = "$(TEST_HOST)";
				CODE_SIGN_STYLE = Automatic;
				CURRENT_PROJECT_VERSION = 1;
				DEVELOPMENT_TEAM = 9BVLGXA39Y;
				GENERATE_INFOPLIST_FILE = YES;
				IPHONEOS_DEPLOYMENT_TARGET = 18.2;
				MARKETING_VERSION = 1.0;
				PRODUCT_BUNDLE_IDENTIFIER = Elias.HabitalTests;
				PRODUCT_NAME = "$(TARGET_NAME)";
				SWIFT_EMIT_LOC_STRINGS = NO;
				SWIFT_VERSION = 5.0;
				TARGETED_DEVICE_FAMILY = "1,2";
				TEST_HOST = "$(BUILT_PRODUCTS_DIR)/Habital.app/$(BUNDLE_EXECUTABLE_FOLDER_PATH)/Habital";
			};
			name = Release;
		};
		AA97AB442D9881F0009E4ABF /* Debug */ = {
			isa = XCBuildConfiguration;
			buildSettings = {
				CODE_SIGN_STYLE = Automatic;
				CURRENT_PROJECT_VERSION = 1;
				DEVELOPMENT_TEAM = 9BVLGXA39Y;
				GENERATE_INFOPLIST_FILE = YES;
				MARKETING_VERSION = 1.0;
				PRODUCT_BUNDLE_IDENTIFIER = Elias.HabitalUITests;
				PRODUCT_NAME = "$(TARGET_NAME)";
				SWIFT_EMIT_LOC_STRINGS = NO;
				SWIFT_VERSION = 5.0;
				TARGETED_DEVICE_FAMILY = "1,2";
				TEST_TARGET_NAME = Habital;
			};
			name = Debug;
		};
		AA97AB452D9881F0009E4ABF /* Release */ = {
			isa = XCBuildConfiguration;
			buildSettings = {
				CODE_SIGN_STYLE = Automatic;
				CURRENT_PROJECT_VERSION = 1;
				DEVELOPMENT_TEAM = 9BVLGXA39Y;
				GENERATE_INFOPLIST_FILE = YES;
				MARKETING_VERSION = 1.0;
				PRODUCT_BUNDLE_IDENTIFIER = Elias.HabitalUITests;
				PRODUCT_NAME = "$(TARGET_NAME)";
				SWIFT_EMIT_LOC_STRINGS = NO;
				SWIFT_VERSION = 5.0;
				TARGETED_DEVICE_FAMILY = "1,2";
				TEST_TARGET_NAME = Habital;
			};
			name = Release;
		};
/* End XCBuildConfiguration section */

/* Begin XCConfigurationList section */
		AA97AB0C2D9881EF009E4ABF /* Build configuration list for PBXProject "Habital" */ = {
			isa = XCConfigurationList;
			buildConfigurations = (
				AA97AB3E2D9881F0009E4ABF /* Debug */,
				AA97AB3F2D9881F0009E4ABF /* Release */,
			);
			defaultConfigurationIsVisible = 0;
			defaultConfigurationName = Release;
		};
		AA97AB3B2D9881F0009E4ABF /* Build configuration list for PBXNativeTarget "Habital" */ = {
			isa = XCConfigurationList;
			buildConfigurations = (
				AA97AB3C2D9881F0009E4ABF /* Debug */,
				AA97AB3D2D9881F0009E4ABF /* Release */,
			);
			defaultConfigurationIsVisible = 0;
			defaultConfigurationName = Release;
		};
		AA97AB402D9881F0009E4ABF /* Build configuration list for PBXNativeTarget "HabitalTests" */ = {
			isa = XCConfigurationList;
			buildConfigurations = (
				AA97AB412D9881F0009E4ABF /* Debug */,
				AA97AB422D9881F0009E4ABF /* Release */,
			);
			defaultConfigurationIsVisible = 0;
			defaultConfigurationName = Release;
		};
		AA97AB432D9881F0009E4ABF /* Build configuration list for PBXNativeTarget "HabitalUITests" */ = {
			isa = XCConfigurationList;
			buildConfigurations = (
				AA97AB442D9881F0009E4ABF /* Debug */,
				AA97AB452D9881F0009E4ABF /* Release */,
			);
			defaultConfigurationIsVisible = 0;
			defaultConfigurationName = Release;
		};
/* End XCConfigurationList section */
	};
	rootObject = AA97AB092D9881EF009E4ABF /* Project object */;
}
